{
  "name": "express-validator-sample",
  "version": "0.0.0",
  "lockfileVersion": 1,
  "requires": true,
  "dependencies": {
    "express-validator": {
      "version": "6.9.2",
      "resolved": "https://registry.npmjs.org/express-validator/-/express-validator-6.9.2.tgz",
      "integrity": "sha512-Yqlsw2/uBobtBVkP+gnds8OMmVAEb3uTI4uXC93l0Ym5JGHgr8Vd4ws7oSo7GGYpWn5YCq4UePMEppKchURXrw==",
      "dev": true,
      "requires": {
        "lodash": "^4.17.20",
        "validator": "^13.5.2"
      }
    },
    "lodash": {
      "version": "4.17.20",
      "resolved": "https://registry.npmjs.org/lodash/-/lodash-4.17.20.tgz",
      "integrity": "sha512-PlhdFcillOINfeV7Ni6oF1TAEayyZBoZ8bcshTHqOYJYlrqzRK5hagpagky5o4HfCzzd1TRkXPMFq6cKk9rGmA==",
      "dev": true
    },
    "validator": {
      "version": "13.5.2",
      "resolved": "https://registry.npmjs.org/validator/-/validator-13.5.2.tgz",
      "integrity": "sha512-mD45p0rvHVBlY2Zuy3F3ESIe1h5X58GPfAtslBjY7EtTqGquZTj+VX/J4RnHWN8FKq0C9WRVt1oWAcytWRuYLQ==",
      "dev": true
    }
  }
}
